lockfileVersion: '9.0'

settings:
  autoInstallPeers: true
  excludeLinksFromLockfile: false

importers:

  .:
    dependencies:
      dotenv:
        specifier: ^16.4.7
        version: 16.4.7
      intmax2-server-sdk:
        specifier: file:../../server-sdk
        version: file:../../server-sdk(rollup@4.32.1)(typescript@5.7.3)

packages:

  '@adraffy/ens-normalize@1.11.0':
    resolution: {integrity: sha512-/3DDPKHqqIqxUULp8yP4zODUY1i+2xvVWsv8A79xGWdCAG+8sb0hRh0Rk2QyOJUnnbyPUAZYcpBuRe3nS2OIUg==}

  '@babel/code-frame@7.26.2':
    resolution: {integrity: sha512-RJlIHRueQgwWitWgF8OdFYGZX328Ax5BCemNGlqHfplnRT9ESi8JkFlvaVYbS+UubVY6dpv87Fs2u5M29iNFVQ==}
    engines: {node: '>=6.9.0'}

  '@babel/helper-validator-identifier@7.25.9':
    resolution: {integrity: sha512-Ed61U6XJc3CVRfkERJWDz4dJwKe7iLmmJsbOGu9wSloNSFttHV0I8g6UAgb7qnK5ly5bGLPd4oXZlxCdANBOWQ==}
    engines: {node: '>=6.9.0'}

  '@jridgewell/sourcemap-codec@1.5.0':
    resolution: {integrity: sha512-gv3ZRaISU3fjPAgNsriBRqGWQL6quFx04YMPW/zD8XMLsU32mhCCbfbO6KZFLjvYpCZ8zyDEgqsgf+PwPaM7GQ==}

  '@noble/curves@1.8.1':
    resolution: {integrity: sha512-warwspo+UYUPep0Q+vtdVB4Ugn8GGQj8iyB3gnRWsztmUHTI3S1nhdiWNsPUGL0vud7JlRRk1XEu7Lq1KGTnMQ==}
    engines: {node: ^14.21.3 || >=16}

  '@noble/hashes@1.7.1':
    resolution: {integrity: sha512-B8XBPsn4vT/KJAGqDzbwztd+6Yte3P4V7iafm24bxgDe/mlRuK6xmWPuCNrKt2vDafZ8MfJLlchDG/vYafQEjQ==}
    engines: {node: ^14.21.3 || >=16}

  '@rollup/rollup-android-arm-eabi@4.32.1':
    resolution: {integrity: sha512-/pqA4DmqyCm8u5YIDzIdlLcEmuvxb0v8fZdFhVMszSpDTgbQKdw3/mB3eMUHIbubtJ6F9j+LtmyCnHTEqIHyzA==}
    cpu: [arm]
    os: [android]

  '@rollup/rollup-android-arm64@4.32.1':
    resolution: {integrity: sha512-If3PDskT77q7zgqVqYuj7WG3WC08G1kwXGVFi9Jr8nY6eHucREHkfpX79c0ACAjLj3QIWKPJR7w4i+f5EdLH5Q==}
    cpu: [arm64]
    os: [android]

  '@rollup/rollup-darwin-arm64@4.32.1':
    resolution: {integrity: sha512-zCpKHioQ9KgZToFp5Wvz6zaWbMzYQ2LJHQ+QixDKq52KKrF65ueu6Af4hLlLWHjX1Wf/0G5kSJM9PySW9IrvHA==}
    cpu: [arm64]
    os: [darwin]

  '@rollup/rollup-darwin-x64@4.32.1':
    resolution: {integrity: sha512-sFvF+t2+TyUo/ZQqUcifrJIgznx58oFZbdHS9TvHq3xhPVL9nOp+yZ6LKrO9GWTP+6DbFtoyLDbjTpR62Mbr3Q==}
    cpu: [x64]
    os: [darwin]

  '@rollup/rollup-freebsd-arm64@4.32.1':
    resolution: {integrity: sha512-NbOa+7InvMWRcY9RG+B6kKIMD/FsnQPH0MWUvDlQB1iXnF/UcKSudCXZtv4lW+C276g3w5AxPbfry5rSYvyeYA==}
    cpu: [arm64]
    os: [freebsd]

  '@rollup/rollup-freebsd-x64@4.32.1':
    resolution: {integrity: sha512-JRBRmwvHPXR881j2xjry8HZ86wIPK2CcDw0EXchE1UgU0ubWp9nvlT7cZYKc6bkypBt745b4bglf3+xJ7hXWWw==}
    cpu: [x64]
    os: [freebsd]

  '@rollup/rollup-linux-arm-gnueabihf@4.32.1':
    resolution: {integrity: sha512-PKvszb+9o/vVdUzCCjL0sKHukEQV39tD3fepXxYrHE3sTKrRdCydI7uldRLbjLmDA3TFDmh418XH19NOsDRH8g==}
    cpu: [arm]
    os: [linux]

  '@rollup/rollup-linux-arm-musleabihf@4.32.1':
    resolution: {integrity: sha512-9WHEMV6Y89eL606ReYowXuGF1Yb2vwfKWKdD1A5h+OYnPZSJvxbEjxTRKPgi7tkP2DSnW0YLab1ooy+i/FQp/Q==}
    cpu: [arm]
    os: [linux]

  '@rollup/rollup-linux-arm64-gnu@4.32.1':
    resolution: {integrity: sha512-tZWc9iEt5fGJ1CL2LRPw8OttkCBDs+D8D3oEM8mH8S1ICZCtFJhD7DZ3XMGM8kpqHvhGUTvNUYVDnmkj4BDXnw==}
    cpu: [arm64]
    os: [linux]

  '@rollup/rollup-linux-arm64-musl@4.32.1':
    resolution: {integrity: sha512-FTYc2YoTWUsBz5GTTgGkRYYJ5NGJIi/rCY4oK/I8aKowx1ToXeoVVbIE4LGAjsauvlhjfl0MYacxClLld1VrOw==}
    cpu: [arm64]
    os: [linux]

  '@rollup/rollup-linux-loongarch64-gnu@4.32.1':
    resolution: {integrity: sha512-F51qLdOtpS6P1zJVRzYM0v6MrBNypyPEN1GfMiz0gPu9jN8ScGaEFIZQwteSsGKg799oR5EaP7+B2jHgL+d+Kw==}
    cpu: [loong64]
    os: [linux]

  '@rollup/rollup-linux-powerpc64le-gnu@4.32.1':
    resolution: {integrity: sha512-wO0WkfSppfX4YFm5KhdCCpnpGbtgQNj/tgvYzrVYFKDpven8w2N6Gg5nB6w+wAMO3AIfSTWeTjfVe+uZ23zAlg==}
    cpu: [ppc64]
    os: [linux]

  '@rollup/rollup-linux-riscv64-gnu@4.32.1':
    resolution: {integrity: sha512-iWswS9cIXfJO1MFYtI/4jjlrGb/V58oMu4dYJIKnR5UIwbkzR0PJ09O0PDZT0oJ3LYWXBSWahNf/Mjo6i1E5/g==}
    cpu: [riscv64]
    os: [linux]

  '@rollup/rollup-linux-s390x-gnu@4.32.1':
    resolution: {integrity: sha512-RKt8NI9tebzmEthMnfVgG3i/XeECkMPS+ibVZjZ6mNekpbbUmkNWuIN2yHsb/mBPyZke4nlI4YqIdFPgKuoyQQ==}
    cpu: [s390x]
    os: [linux]

  '@rollup/rollup-linux-x64-gnu@4.32.1':
    resolution: {integrity: sha512-WQFLZ9c42ECqEjwg/GHHsouij3pzLXkFdz0UxHa/0OM12LzvX7DzedlY0SIEly2v18YZLRhCRoHZDxbBSWoGYg==}
    cpu: [x64]
    os: [linux]

  '@rollup/rollup-linux-x64-musl@4.32.1':
    resolution: {integrity: sha512-BLoiyHDOWoS3uccNSADMza6V6vCNiphi94tQlVIL5de+r6r/CCQuNnerf+1g2mnk2b6edp5dk0nhdZ7aEjOBsA==}
    cpu: [x64]
    os: [linux]

  '@rollup/rollup-win32-arm64-msvc@4.32.1':
    resolution: {integrity: sha512-w2l3UnlgYTNNU+Z6wOR8YdaioqfEnwPjIsJ66KxKAf0p+AuL2FHeTX6qvM+p/Ue3XPBVNyVSfCrfZiQh7vZHLQ==}
    cpu: [arm64]
    os: [win32]

  '@rollup/rollup-win32-ia32-msvc@4.32.1':
    resolution: {integrity: sha512-Am9H+TGLomPGkBnaPWie4F3x+yQ2rr4Bk2jpwy+iV+Gel9jLAu/KqT8k3X4jxFPW6Zf8OMnehyutsd+eHoq1WQ==}
    cpu: [ia32]
    os: [win32]

  '@rollup/rollup-win32-x64-msvc@4.32.1':
    resolution: {integrity: sha512-ar80GhdZb4DgmW3myIS9nRFYcpJRSME8iqWgzH2i44u+IdrzmiXVxeFnExQ5v4JYUSpg94bWjevMG8JHf1Da5Q==}
    cpu: [x64]
    os: [win32]

  '@scure/base@1.2.4':
    resolution: {integrity: sha512-5Yy9czTO47mqz+/J8GM6GIId4umdCk1wc1q8rKERQulIoc8VP9pzDcghv10Tl2E7R96ZUx/PhND3ESYUQX8NuQ==}

  '@scure/bip32@1.6.2':
    resolution: {integrity: sha512-t96EPDMbtGgtb7onKKqxRLfE5g05k7uHnHRM2xdE6BP/ZmxaLtPek4J4KfVn/90IQNrU1IOAqMgiDtUdtbe3nw==}

  '@scure/bip39@1.5.4':
    resolution: {integrity: sha512-TFM4ni0vKvCfBpohoh+/lY05i9gRbSwXWngAsF4CABQxoaOHijxuaZ2R6cStDQ5CHtHO9aGJTr4ksVJASRRyMA==}

  '@types/estree@1.0.6':
    resolution: {integrity: sha512-AYnb1nQyY49te+VRAVgmzfcgjYS91mY5P0TKUDCLEM+gNnA+3T6rWITXRLYCpahpqSQbN5cE+gHpnPyXjHWxcw==}

  abitype@1.0.8:
    resolution: {integrity: sha512-ZeiI6h3GnW06uYDLx0etQtX/p8E24UaHHBj57RSjK7YBFe7iuVn07EDpOeP451D06sF27VOz9JJPlIKJmXgkEg==}
    peerDependencies:
      typescript: '>=5.0.4'
      zod: ^3 >=3.22.0
    peerDependenciesMeta:
      typescript:
        optional: true
      zod:
        optional: true

  asynckit@0.4.0:
    resolution: {integrity: sha512-Oei9OH4tRh0YqU3GxhX79dM/mwVgvbZJaSNaRk+bshkj0S5cfHcgYakreBjrHwatXKbz+IoIdYLxrKim2MjW0Q==}

  axios@1.7.9:
    resolution: {integrity: sha512-LhLcE7Hbiryz8oMDdDptSrWowmB4Bl6RCt6sIJKpRB4XtVf0iEgewX3au/pJqm+Py1kCASkb/FFKjxQaLtxJvw==}

  combined-stream@1.0.8:
    resolution: {integrity: sha512-FQN4MRfuJeHf7cBbBMJFXhKSDq+2kAArBlmRBvcvFE5BB1HZKXtSFASDhdlz9zOYwxh8lDdnvmMOe/+5cdoEdg==}
    engines: {node: '>= 0.8'}

  delayed-stream@1.0.0:
    resolution: {integrity: sha512-ZySD7Nf91aLB0RxL4KGrKHBXl7Eds1DAmEdcoVawXnLD7SDhpNgtuII2aAkg7a7QS41jxPSZ17p4VdGnMHk3MQ==}
    engines: {node: '>=0.4.0'}

  dotenv@16.4.7:
    resolution: {integrity: sha512-47qPchRCykZC03FhkYAhrvwU4xDBFIj1QPqaarj6mdM/hgUzfPHcpkHJOn3mJAufFeeAxAzeGsr5X0M4k6fLZQ==}
    engines: {node: '>=12'}

  eventemitter3@5.0.1:
    resolution: {integrity: sha512-GWkBvjiSZK87ELrYOSESUYeVIc9mvLLf/nXalMOS5dYrgZq9o5OVkbZAVM06CVxYsCwH9BDZFPlQTlPA1j4ahA==}

  follow-redirects@1.15.9:
    resolution: {integrity: sha512-gew4GsXizNgdoRyqmyfMHyAmXsZDk6mHkSxZFCzW9gwlbtOW44CDtYavM+y+72qD/Vq2l550kMF52DT8fOLJqQ==}
    engines: {node: '>=4.0'}
    peerDependencies:
      debug: '*'
    peerDependenciesMeta:
      debug:
        optional: true

  form-data@4.0.1:
    resolution: {integrity: sha512-tzN8e4TX8+kkxGPK8D5u0FNmjPUjw3lwC9lSLxxoB/+GtsJG91CO8bSWy73APlgAZzZbXEYZJuxjkHH2w+Ezhw==}
    engines: {node: '>= 6'}

  fsevents@2.3.3:
    resolution: {integrity: sha512-5xoDfX+fL7faATnagmWPpbFtwh/R77WmMMqqHGS65C3vvB0YHrgF+B1YmZ3441tMj5n63k0212XNoJwzlhffQw==}
    engines: {node: ^8.16.0 || ^10.6.0 || >=11.0.0}
    os: [darwin]

  intmax2-server-sdk@file:../../server-sdk:
    resolution: {directory: ../../server-sdk, type: directory}
    engines: {node: '>=18'}

  isows@1.0.6:
    resolution: {integrity: sha512-lPHCayd40oW98/I0uvgaHKWCSvkzY27LjWLbtzOm64yQ+G3Q5npjjbdppU65iZXkK1Zt+kH9pfegli0AYfwYYw==}
    peerDependencies:
      ws: '*'

  js-tokens@4.0.0:
    resolution: {integrity: sha512-RdJUflcE3cUzKiMqQgsCu06FPu9UdIJO0beYbPhHN4k6apgJtifcoCtT9bcxOpYBtpD2kCM6Sbzg4CausW/PKQ==}

  magic-string@0.30.17:
    resolution: {integrity: sha512-sNPKHvyjVf7gyjwS4xGTaW/mCnF8wnjtifKBEhxfZ7E/S8tQ0rssrwGNn6q8JH/ohItJfSQp9mBtQYuTlH5QnA==}

  mime-db@1.52.0:
    resolution: {integrity: sha512-sPU4uV7dYlvtWJxwwxHD0PuihVNiE7TyAbQ5SWxDCB9mUYvOgroQOwYQQOKPJ8CIbE+1ETVlOoK1UC2nU3gYvg==}
    engines: {node: '>= 0.6'}

  mime-types@2.1.35:
    resolution: {integrity: sha512-ZDY+bPm5zTTF+YpCrAU9nK0UgICYPT0QtT1NZWFv4s++TNkcgVaT0g6+4R2uI4MjQjzysHB1zxuWL50hzaeXiw==}
    engines: {node: '>= 0.6'}

  ox@0.6.7:
    resolution: {integrity: sha512-17Gk/eFsFRAZ80p5eKqv89a57uXjd3NgIf1CaXojATPBuujVc/fQSVhBeAU9JCRB+k7J50WQAyWTxK19T9GgbA==}
    peerDependencies:
      typescript: '>=5.4.0'
    peerDependenciesMeta:
      typescript:
        optional: true

  picocolors@1.1.1:
    resolution: {integrity: sha512-xceH2snhtb5M9liqDsmEw56le376mTZkEX/jEb/RxNFyegNul7eNslCXP9FDj/Lcu0X8KEyMceP2ntpaHrDEVA==}

  proxy-from-env@1.1.0:
    resolution: {integrity: sha512-D+zkORCbA9f1tdWRK0RaCR3GPv50cMxcrz4X8k5LTSUD1Dkw47mKJEZQNunItRTkWwgtaUSo1RVFRIG9ZXiFYg==}

  rollup-plugin-dts@6.1.1:
    resolution: {integrity: sha512-aSHRcJ6KG2IHIioYlvAOcEq6U99sVtqDDKVhnwt70rW6tsz3tv5OSjEiWcgzfsHdLyGXZ/3b/7b/+Za3Y6r1XA==}
    engines: {node: '>=16'}
    peerDependencies:
      rollup: ^3.29.4 || ^4
      typescript: ^4.5 || ^5.0

  rollup@4.32.1:
    resolution: {integrity: sha512-z+aeEsOeEa3mEbS1Tjl6sAZ8NE3+AalQz1RJGj81M+fizusbdDMoEJwdJNHfaB40Scr4qNu+welOfes7maKonA==}
    engines: {node: '>=18.0.0', npm: '>=8.0.0'}
    hasBin: true

  typescript@5.7.3:
    resolution: {integrity: sha512-84MVSjMEHP+FQRPy3pX9sTVV/INIex71s9TL2Gm5FG/WG1SqXeKyZ0k7/blY/4FdOzI12CBy1vGc4og/eus0fw==}
    engines: {node: '>=14.17'}
    hasBin: true

  viem@2.22.17:
    resolution: {integrity: sha512-eqNhlPGgRLR29XEVUT2uuaoEyMiaQZEKx63xT1py9OYsE+ZwlVgjnfrqbXad7Flg2iJ0Bs5Hh7o0FfRWUJGHvg==}
    peerDependencies:
      typescript: '>=5.0.4'
    peerDependenciesMeta:
      typescript:
        optional: true

  ws@8.18.0:
    resolution: {integrity: sha512-8VbfWfHLbbwu3+N6OKsOMpBdT4kXPDDB9cJk2bJ6mh9ucxdlnNvH1e+roYkKmN9Nxw2yjz7VzeO9oOz2zJ04Pw==}
    engines: {node: '>=10.0.0'}
    peerDependencies:
      bufferutil: ^4.0.1
      utf-8-validate: '>=5.0.2'
    peerDependenciesMeta:
      bufferutil:
        optional: true
      utf-8-validate:
        optional: true

snapshots:

  '@adraffy/ens-normalize@1.11.0': {}

  '@babel/code-frame@7.26.2':
    dependencies:
      '@babel/helper-validator-identifier': 7.25.9
      js-tokens: 4.0.0
      picocolors: 1.1.1
    optional: true

  '@babel/helper-validator-identifier@7.25.9':
    optional: true

  '@jridgewell/sourcemap-codec@1.5.0': {}

  '@noble/curves@1.8.1':
    dependencies:
      '@noble/hashes': 1.7.1

  '@noble/hashes@1.7.1': {}

  '@rollup/rollup-android-arm-eabi@4.32.1':
    optional: true

  '@rollup/rollup-android-arm64@4.32.1':
    optional: true

  '@rollup/rollup-darwin-arm64@4.32.1':
    optional: true

  '@rollup/rollup-darwin-x64@4.32.1':
    optional: true

  '@rollup/rollup-freebsd-arm64@4.32.1':
    optional: true

  '@rollup/rollup-freebsd-x64@4.32.1':
    optional: true

  '@rollup/rollup-linux-arm-gnueabihf@4.32.1':
    optional: true

  '@rollup/rollup-linux-arm-musleabihf@4.32.1':
    optional: true

  '@rollup/rollup-linux-arm64-gnu@4.32.1':
    optional: true

  '@rollup/rollup-linux-arm64-musl@4.32.1':
    optional: true

  '@rollup/rollup-linux-loongarch64-gnu@4.32.1':
    optional: true

  '@rollup/rollup-linux-powerpc64le-gnu@4.32.1':
    optional: true

  '@rollup/rollup-linux-riscv64-gnu@4.32.1':
    optional: true

  '@rollup/rollup-linux-s390x-gnu@4.32.1':
    optional: true

  '@rollup/rollup-linux-x64-gnu@4.32.1':
    optional: true

  '@rollup/rollup-linux-x64-musl@4.32.1':
    optional: true

  '@rollup/rollup-win32-arm64-msvc@4.32.1':
    optional: true

  '@rollup/rollup-win32-ia32-msvc@4.32.1':
    optional: true

  '@rollup/rollup-win32-x64-msvc@4.32.1':
    optional: true

  '@scure/base@1.2.4': {}

  '@scure/bip32@1.6.2':
    dependencies:
      '@noble/curves': 1.8.1
      '@noble/hashes': 1.7.1
      '@scure/base': 1.2.4

  '@scure/bip39@1.5.4':
    dependencies:
      '@noble/hashes': 1.7.1
      '@scure/base': 1.2.4

  '@types/estree@1.0.6': {}

  abitype@1.0.8(typescript@5.7.3):
    optionalDependencies:
      typescript: 5.7.3

  asynckit@0.4.0: {}

  axios@1.7.9:
    dependencies:
      follow-redirects: 1.15.9
      form-data: 4.0.1
      proxy-from-env: 1.1.0
    transitivePeerDependencies:
      - debug

  combined-stream@1.0.8:
    dependencies:
      delayed-stream: 1.0.0

  delayed-stream@1.0.0: {}

  dotenv@16.4.7: {}

  eventemitter3@5.0.1: {}

  follow-redirects@1.15.9: {}

  form-data@4.0.1:
    dependencies:
      asynckit: 0.4.0
      combined-stream: 1.0.8
      mime-types: 2.1.35

  fsevents@2.3.3:
    optional: true

  intmax2-server-sdk@file:../../server-sdk(rollup@4.32.1)(typescript@5.7.3):
    dependencies:
      '@scure/bip39': 1.5.4
      axios: 1.7.9
      rollup-plugin-dts: 6.1.1(rollup@4.32.1)(typescript@5.7.3)
      viem: 2.22.17(typescript@5.7.3)
    transitivePeerDependencies:
      - bufferutil
      - debug
      - rollup
      - typescript
      - utf-8-validate
      - zod

  isows@1.0.6(ws@8.18.0):
    dependencies:
      ws: 8.18.0

  js-tokens@4.0.0:
    optional: true

  magic-string@0.30.17:
    dependencies:
      '@jridgewell/sourcemap-codec': 1.5.0

  mime-db@1.52.0: {}

  mime-types@2.1.35:
    dependencies:
      mime-db: 1.52.0

  ox@0.6.7(typescript@5.7.3):
    dependencies:
      '@adraffy/ens-normalize': 1.11.0
      '@noble/curves': 1.8.1
      '@noble/hashes': 1.7.1
      '@scure/bip32': 1.6.2
      '@scure/bip39': 1.5.4
      abitype: 1.0.8(typescript@5.7.3)
      eventemitter3: 5.0.1
    optionalDependencies:
      typescript: 5.7.3
    transitivePeerDependencies:
      - zod

  picocolors@1.1.1:
    optional: true

  proxy-from-env@1.1.0: {}

  rollup-plugin-dts@6.1.1(rollup@4.32.1)(typescript@5.7.3):
    dependencies:
      magic-string: 0.30.17
      rollup: 4.32.1
      typescript: 5.7.3
    optionalDependencies:
      '@babel/code-frame': 7.26.2

  rollup@4.32.1:
    dependencies:
      '@types/estree': 1.0.6
    optionalDependencies:
      '@rollup/rollup-android-arm-eabi': 4.32.1
      '@rollup/rollup-android-arm64': 4.32.1
      '@rollup/rollup-darwin-arm64': 4.32.1
      '@rollup/rollup-darwin-x64': 4.32.1
      '@rollup/rollup-freebsd-arm64': 4.32.1
      '@rollup/rollup-freebsd-x64': 4.32.1
      '@rollup/rollup-linux-arm-gnueabihf': 4.32.1
      '@rollup/rollup-linux-arm-musleabihf': 4.32.1
      '@rollup/rollup-linux-arm64-gnu': 4.32.1
      '@rollup/rollup-linux-arm64-musl': 4.32.1
      '@rollup/rollup-linux-loongarch64-gnu': 4.32.1
      '@rollup/rollup-linux-powerpc64le-gnu': 4.32.1
      '@rollup/rollup-linux-riscv64-gnu': 4.32.1
      '@rollup/rollup-linux-s390x-gnu': 4.32.1
      '@rollup/rollup-linux-x64-gnu': 4.32.1
      '@rollup/rollup-linux-x64-musl': 4.32.1
      '@rollup/rollup-win32-arm64-msvc': 4.32.1
      '@rollup/rollup-win32-ia32-msvc': 4.32.1
      '@rollup/rollup-win32-x64-msvc': 4.32.1
      fsevents: 2.3.3

  typescript@5.7.3: {}

  viem@2.22.17(typescript@5.7.3):
    dependencies:
      '@noble/curves': 1.8.1
      '@noble/hashes': 1.7.1
      '@scure/bip32': 1.6.2
      '@scure/bip39': 1.5.4
      abitype: 1.0.8(typescript@5.7.3)
      isows: 1.0.6(ws@8.18.0)
      ox: 0.6.7(typescript@5.7.3)
      ws: 8.18.0
    optionalDependencies:
      typescript: 5.7.3
    transitivePeerDependencies:
      - bufferutil
      - utf-8-validate
      - zod

  ws@8.18.0: {}
